// !$*UTF8*$!
{
	archiveVersion = 1;
	classes = {
	};
	objectVersion = 50;
	objects = {

/* Begin PBXBuildFile section */
		C90AD51324CF42DB00123B15 /* AppDelegate.swift in Sources */ = {isa = PBXBuildFile; fileRef = C90AD51224CF42DB00123B15 /* AppDelegate.swift */; };
		C90AD51524CF42DB00123B15 /* SceneDelegate.swift in Sources */ = {isa = PBXBuildFile; fileRef = C90AD51424CF42DB00123B15 /* SceneDelegate.swift */; };
		C90AD51A24CF42DB00123B15 /* Main.storyboard in Resources */ = {isa = PBXBuildFile; fileRef = C90AD51824CF42DB00123B15 /* Main.storyboard */; };
		C90AD51D24CF42DB00123B15 /* ToDoList.xcdatamodeld in Sources */ = {isa = PBXBuildFile; fileRef = C90AD51B24CF42DB00123B15 /* ToDoList.xcdatamodeld */; };
		C90AD51F24CF42DD00123B15 /* Assets.xcassets in Resources */ = {isa = PBXBuildFile; fileRef = C90AD51E24CF42DD00123B15 /* Assets.xcassets */; };
		C90AD52224CF42DD00123B15 /* LaunchScreen.storyboard in Resources */ = {isa = PBXBuildFile; fileRef = C90AD52024CF42DD00123B15 /* LaunchScreen.storyboard */; };
		C90AD52D24CF42DD00123B15 /* ToDoListTests.swift in Sources */ = {isa = PBXBuildFile; fileRef = C90AD52C24CF42DD00123B15 /* ToDoListTests.swift */; };
		C90AD53824CF42DD00123B15 /* ToDoListUITests.swift in Sources */ = {isa = PBXBuildFile; fileRef = C90AD53724CF42DD00123B15 /* ToDoListUITests.swift */; };
		C90AD54D24CF51FF00123B15 /* ToDoTableViewController.swift in Sources */ = {isa = PBXBuildFile; fileRef = C90AD54524CF4A4F00123B15 /* ToDoTableViewController.swift */; };
/* End PBXBuildFile section */

/* Begin PBXContainerItemProxy section */
		C90AD52924CF42DD00123B15 /* PBXContainerItemProxy */ = {
			isa = PBXContainerItemProxy;
			containerPortal = C90AD50724CF42DB00123B15 /* Project object */;
			proxyType = 1;
			remoteGlobalIDString = C90AD50E24CF42DB00123B15;
			remoteInfo = ToDoList;
		};
		C90AD53424CF42DD00123B15 /* PBXContainerItemProxy */ = {
			isa = PBXContainerItemProxy;
			containerPortal = C90AD50724CF42DB00123B15 /* Project object */;
			proxyType = 1;
			remoteGlobalIDString = C90AD50E24CF42DB00123B15;
			remoteInfo = ToDoList;
		};
/* End PBXContainerItemProxy section */

/* Begin PBXFileReference section */
		C90AD50F24CF42DB00123B15 /* ToDoList.app */ = {isa = PBXFileReference; explicitFileType = wrapper.application; includeInIndex = 0; path = ToDoList.app; sourceTree = BUILT_PRODUCTS_DIR; };
		C90AD51224CF42DB00123B15 /* AppDelegate.swift */ = {isa = PBXFileReference; lastKnownFileType = sourcecode.swift; path = AppDelegate.swift; sourceTree = "<group>"; };
		C90AD51424CF42DB00123B15 /* SceneDelegate.swift */ = {isa = PBXFileReference; lastKnownFileType = sourcecode.swift; path = SceneDelegate.swift; sourceTree = "<group>"; };
		C90AD51924CF42DB00123B15 /* Base */ = {isa = PBXFileReference; lastKnownFileType = file.storyboard; name = Base; path = Base.lproj/Main.storyboard; sourceTree = "<group>"; };
		C90AD51C24CF42DB00123B15 /* ToDoList.xcdatamodel */ = {isa = PBXFileReference; lastKnownFileType = wrapper.xcdatamodel; path = ToDoList.xcdatamodel; sourceTree = "<group>"; };
		C90AD51E24CF42DD00123B15 /* Assets.xcassets */ = {isa = PBXFileReference; lastKnownFileType = folder.assetcatalog; path = Assets.xcassets; sourceTree = "<group>"; };
		C90AD52124CF42DD00123B15 /* Base */ = {isa = PBXFileReference; lastKnownFileType = file.storyboard; name = Base; path = Base.lproj/LaunchScreen.storyboard; sourceTree = "<group>"; };
		C90AD52324CF42DD00123B15 /* Info.plist */ = {isa = PBXFileReference; lastKnownFileType = text.plist.xml; path = Info.plist; sourceTree = "<group>"; };
		C90AD52824CF42DD00123B15 /* ToDoListTests.xctest */ = {isa = PBXFileReference; explicitFileType = wrapper.cfbundle; includeInIndex = 0; path = ToDoListTests.xctest; sourceTree = BUILT_PRODUCTS_DIR; };
		C90AD52C24CF42DD00123B15 /* ToDoListTests.swift */ = {isa = PBXFileReference; lastKnownFileType = sourcecode.swift; path = ToDoListTests.swift; sourceTree = "<group>"; };
		C90AD52E24CF42DD00123B15 /* Info.plist */ = {isa = PBXFileReference; lastKnownFileType = text.plist.xml; path = Info.plist; sourceTree = "<group>"; };
		C90AD53324CF42DD00123B15 /* ToDoListUITests.xctest */ = {isa = PBXFileReference; explicitFileType = wrapper.cfbundle; includeInIndex = 0; path = ToDoListUITests.xctest; sourceTree = BUILT_PRODUCTS_DIR; };
		C90AD53724CF42DD00123B15 /* ToDoListUITests.swift */ = {isa = PBXFileReference; lastKnownFileType = sourcecode.swift; path = ToDoListUITests.swift; sourceTree = "<group>"; };
		C90AD53924CF42DD00123B15 /* Info.plist */ = {isa = PBXFileReference; lastKnownFileType = text.plist.xml; path = Info.plist; sourceTree = "<group>"; };
		C90AD54524CF4A4F00123B15 /* ToDoTableViewController.swift */ = {isa = PBXFileReference; lastKnownFileType = sourcecode.swift; path = ToDoTableViewController.swift; sourceTree = "<group>"; };
		C90AD54724CF4BA500123B15 /* ToDo.swift */ = {isa = PBXFileReference; lastKnownFileType = sourcecode.swift; path = ToDo.swift; sourceTree = "<group>"; };
/* End PBXFileReference section */

/* Begin PBXFrameworksBuildPhase section */
		C90AD50C24CF42DB00123B15 /* Frameworks */ = {
			isa = PBXFrameworksBuildPhase;
			buildActionMask = 2147483647;
			files = (
			);
			runOnlyForDeploymentPostprocessing = 0;
		};
		C90AD52524CF42DD00123B15 /* Frameworks */ = {
			isa = PBXFrameworksBuildPhase;
			buildActionMask = 2147483647;
			files = (
			);
			runOnlyForDeploymentPostprocessing = 0;
		};
		C90AD53024CF42DD00123B15 /* Frameworks */ = {
			isa = PBXFrameworksBuildPhase;
			buildActionMask = 2147483647;
			files = (
			);
			runOnlyForDeploymentPostprocessing = 0;
		};
/* End PBXFrameworksBuildPhase section */

/* Begin PBXGroup section */
		C90AD50624CF42DB00123B15 = {
			isa = PBXGroup;
			children = (
				C90AD51124CF42DB00123B15 /* ToDoList */,
				C90AD52B24CF42DD00123B15 /* ToDoListTests */,
				C90AD53624CF42DD00123B15 /* ToDoListUITests */,
				C90AD51024CF42DB00123B15 /* Products */,
			);
			sourceTree = "<group>";
		};
		C90AD51024CF42DB00123B15 /* Products */ = {
			isa = PBXGroup;
			children = (
				C90AD50F24CF42DB00123B15 /* ToDoList.app */,
				C90AD52824CF42DD00123B15 /* ToDoListTests.xctest */,
				C90AD53324CF42DD00123B15 /* ToDoListUITests.xctest */,
			);
			name = Products;
			sourceTree = "<group>";
		};
		C90AD51124CF42DB00123B15 /* ToDoList */ = {
			isa = PBXGroup;
			children = (
				C90AD51224CF42DB00123B15 /* AppDelegate.swift */,
				C90AD51424CF42DB00123B15 /* SceneDelegate.swift */,
				C90AD51824CF42DB00123B15 /* Main.storyboard */,
				C90AD54724CF4BA500123B15 /* ToDo.swift */,
				C90AD54524CF4A4F00123B15 /* ToDoTableViewController.swift */,
				C90AD51E24CF42DD00123B15 /* Assets.xcassets */,
				C90AD52024CF42DD00123B15 /* LaunchScreen.storyboard */,
				C90AD52324CF42DD00123B15 /* Info.plist */,
				C90AD51B24CF42DB00123B15 /* ToDoList.xcdatamodeld */,
			);
			path = ToDoList;
			sourceTree = "<group>";
		};
		C90AD52B24CF42DD00123B15 /* ToDoListTests */ = {
			isa = PBXGroup;
			children = (
				C90AD52C24CF42DD00123B15 /* ToDoListTests.swift */,
				C90AD52E24CF42DD00123B15 /* Info.plist */,
			);
			path = ToDoListTests;
			sourceTree = "<group>";
		};
		C90AD53624CF42DD00123B15 /* ToDoListUITests */ = {
			isa = PBXGroup;
			children = (
				C90AD53724CF42DD00123B15 /* ToDoListUITests.swift */,
				C90AD53924CF42DD00123B15 /* Info.plist */,
			);
			path = ToDoListUITests;
			sourceTree = "<group>";
		};
/* End PBXGroup section */

/* Begin PBXNativeTarget section */
		C90AD50E24CF42DB00123B15 /* ToDoList */ = {
			isa = PBXNativeTarget;
			buildConfigurationList = C90AD53C24CF42DD00123B15 /* Build configuration list for PBXNativeTarget "ToDoList" */;
			buildPhases = (
				C90AD50B24CF42DB00123B15 /* Sources */,
				C90AD50C24CF42DB00123B15 /* Frameworks */,
				C90AD50D24CF42DB00123B15 /* Resources */,
			);
			buildRules = (
			);
			dependencies = (
			);
			name = ToDoList;
			productName = ToDoList;
			productReference = C90AD50F24CF42DB00123B15 /* ToDoList.app */;
			productType = "com.apple.product-type.application";
		};
		C90AD52724CF42DD00123B15 /* ToDoListTests */ = {
			isa = PBXNativeTarget;
			buildConfigurationList = C90AD53F24CF42DD00123B15 /* Build configuration list for PBXNativeTarget "ToDoListTests" */;
			buildPhases = (
				C90AD52424CF42DD00123B15 /* Sources */,
				C90AD52524CF42DD00123B15 /* Frameworks */,
				C90AD52624CF42DD00123B15 /* Resources */,
			);
			buildRules = (
			);
			dependencies = (
				C90AD52A24CF42DD00123B15 /* PBXTargetDependency */,
			);
			name = ToDoListTests;
			productName = ToDoListTests;
			productReference = C90AD52824CF42DD00123B15 /* ToDoListTests.xctest */;
			productType = "com.apple.product-type.bundle.unit-test";
		};
		C90AD53224CF42DD00123B15 /* ToDoListUITests */ = {
			isa = PBXNativeTarget;
			buildConfigurationList = C90AD54224CF42DD00123B15 /* Build configuration list for PBXNativeTarget "ToDoListUITests" */;
			buildPhases = (
				C90AD52F24CF42DD00123B15 /* Sources */,
				C90AD53024CF42DD00123B15 /* Frameworks */,
				C90AD53124CF42DD00123B15 /* Resources */,
			);
			buildRules = (
			);
			dependencies = (
				C90AD53524CF42DD00123B15 /* PBXTargetDependency */,
			);
			name = ToDoListUITests;
			productName = ToDoListUITests;
			productReference = C90AD53324CF42DD00123B15 /* ToDoListUITests.xctest */;
			productType = "com.apple.product-type.bundle.ui-testing";
		};
/* End PBXNativeTarget section */

/* Begin PBXProject section */
		C90AD50724CF42DB00123B15 /* Project object */ = {
			isa = PBXProject;
			attributes = {
				LastSwiftUpdateCheck = 1160;
				LastUpgradeCheck = 1160;
				ORGANIZATIONNAME = KWK;
				TargetAttributes = {
					C90AD50E24CF42DB00123B15 = {
						CreatedOnToolsVersion = 11.6;
					};
					C90AD52724CF42DD00123B15 = {
						CreatedOnToolsVersion = 11.6;
						TestTargetID = C90AD50E24CF42DB00123B15;
					};
					C90AD53224CF42DD00123B15 = {
						CreatedOnToolsVersion = 11.6;
						TestTargetID = C90AD50E24CF42DB00123B15;
					};
				};
			};
			buildConfigurationList = C90AD50A24CF42DB00123B15 /* Build configuration list for PBXProject "ToDoList" */;
			compatibilityVersion = "Xcode 9.3";
			developmentRegion = en;
			hasScannedForEncodings = 0;
			knownRegions = (
				en,
				Base,
			);
			mainGroup = C90AD50624CF42DB00123B15;
			productRefGroup = C90AD51024CF42DB00123B15 /* Products */;
			projectDirPath = "";
			projectRoot = "";
			targets = (
				C90AD50E24CF42DB00123B15 /* ToDoList */,
				C90AD52724CF42DD00123B15 /* ToDoListTests */,
				C90AD53224CF42DD00123B15 /* ToDoListUITests */,
			);
		};
/* End PBXProject section */

/* Begin PBXResourcesBuildPhase section */
		C90AD50D24CF42DB00123B15 /* Resources */ = {
			isa = PBXResourcesBuildPhase;
			buildActionMask = 2147483647;
			files = (
				C90AD52224CF42DD00123B15 /* LaunchScreen.storyboard in Resources */,
				C90AD51F24CF42DD00123B15 /* Assets.xcassets in Resources */,
				C90AD51A24CF42DB00123B15 /* Main.storyboard in Resources */,
			);
			runOnlyForDeploymentPostprocessing = 0;
		};
		C90AD52624CF42DD00123B15 /* Resources */ = {
			isa = PBXResourcesBuildPhase;
			buildActionMask = 2147483647;
			files = (
			);
			runOnlyForDeploymentPostprocessing = 0;
		};
		C90AD53124CF42DD00123B15 /* Resources */ = {
			isa = PBXResourcesBuildPhase;
			buildActionMask = 2147483647;
			files = (
			);
			runOnlyForDeploymentPostprocessing = 0;
		};
/* End PBXResourcesBuildPhase section */

/* Begin PBXSourcesBuildPhase section */
		C90AD50B24CF42DB00123B15 /* Sources */ = {
			isa = PBXSourcesBuildPhase;
			buildActionMask = 2147483647;
			files = (
				C90AD51324CF42DB00123B15 /* AppDelegate.swift in Sources */,
				C90AD54D24CF51FF00123B15 /* ToDoTableViewController.swift in Sources */,
				C90AD51524CF42DB00123B15 /* SceneDelegate.swift in Sources */,
				C90AD51D24CF42DB00123B15 /* ToDoList.xcdatamodeld in Sources */,
			);
			runOnlyForDeploymentPostprocessing = 0;
		};
		C90AD52424CF42DD00123B15 /* Sources */ = {
			isa = PBXSourcesBuildPhase;
			buildActionMask = 2147483647;
			files = (
				C90AD52D24CF42DD00123B15 /* ToDoListTests.swift in Sources */,
			);
			runOnlyForDeploymentPostprocessing = 0;
		};
		C90AD52F24CF42DD00123B15 /* Sources */ = {
			isa = PBXSourcesBuildPhase;
			buildActionMask = 2147483647;
			files = (
				C90AD53824CF42DD00123B15 /* ToDoListUITests.swift in Sources */,
			);
			runOnlyForDeploymentPostprocessing = 0;
		};
/* End PBXSourcesBuildPhase section */

/* Begin PBXTargetDependency section */
		C90AD52A24CF42DD00123B15 /* PBXTargetDependency */ = {
			isa = PBXTargetDependency;
			target = C90AD50E24CF42DB00123B15 /* ToDoList */;
			targetProxy = C90AD52924CF42DD00123B15 /* PBXContainerItemProxy */;
		};
		C90AD53524CF42DD00123B15 /* PBXTargetDependency */ = {
			isa = PBXTargetDependency;
			target = C90AD50E24CF42DB00123B15 /* ToDoList */;
			targetProxy = C90AD53424CF42DD00123B15 /* PBXContainerItemProxy */;
		};
/* End PBXTargetDependency section */

/* Begin PBXVariantGroup section */
		C90AD51824CF42DB00123B15 /* Main.storyboard */ = {
			isa = PBXVariantGroup;
			children = (
				C90AD51924CF42DB00123B15 /* Base */,
			);
			name = Main.storyboard;
			sourceTree = "<group>";
		};
		C90AD52024CF42DD00123B15 /* LaunchScreen.storyboard */ = {
			isa = PBXVariantGroup;
			children = (
				C90AD52124CF42DD00123B15 /* Base */,
			);
			name = LaunchScreen.storyboard;
			sourceTree = "<group>";
		};
/* End PBXVariantGroup section */

/* Begin XCBuildConfiguration section */
		C90AD53A24CF42DD00123B15 /* Debug */ = {
			isa = XCBuildConfiguration;
			buildSettings = {
				ALWAYS_SEARCH_USER_PATHS = NO;
				CLANG_ANALYZER_NONNULL = YES;
				CLANG_ANALYZER_NUMBER_OBJECT_CONVERSION = YES_AGGRESSIVE;
				CLANG_CXX_LANGUAGE_STANDARD = "gnu++14";
				CLANG_CXX_LIBRARY = "libc++";
				CLANG_ENABLE_MODULES = YES;
				CLANG_ENABLE_OBJC_ARC = YES;
				CLANG_ENABLE_OBJC_WEAK = YES;
				CLANG_WARN_BLOCK_CAPTURE_AUTORELEASING = YES;
				CLANG_WARN_BOOL_CONVERSION = YES;
				CLANG_WARN_COMMA = YES;
				CLANG_WARN_CONSTANT_CONVERSION = YES;
				CLANG_WARN_DEPRECATED_OBJC_IMPLEMENTATIONS = YES;
				CLANG_WARN_DIRECT_OBJC_ISA_USAGE = YES_ERROR;
				CLANG_WARN_DOCUMENTATION_COMMENTS = YES;
				CLANG_WARN_EMPTY_BODY = YES;
				CLANG_WARN_ENUM_CONVERSION = YES;
				CLANG_WARN_INFINITE_RECURSION = YES;
				CLANG_WARN_INT_CONVERSION = YES;
				CLANG_WARN_NON_LITERAL_NULL_CONVERSION = YES;
				CLANG_WARN_OBJC_IMPLICIT_RETAIN_SELF = YES;
				CLANG_WARN_OBJC_LITERAL_CONVERSION = YES;
				CLANG_WARN_OBJC_ROOT_CLASS = YES_ERROR;
				CLANG_WARN_RANGE_LOOP_ANALYSIS = YES;
				CLANG_WARN_STRICT_PROTOTYPES = YES;
				CLANG_WARN_SUSPICIOUS_MOVE = YES;
				CLANG_WARN_UNGUARDED_AVAILABILITY = YES_AGGRESSIVE;
				CLANG_WARN_UNREACHABLE_CODE = YES;
				CLANG_WARN__DUPLICATE_METHOD_MATCH = YES;
				COPY_PHASE_STRIP = NO;
				DEBUG_INFORMATION_FORMAT = dwarf;
				ENABLE_STRICT_OBJC_MSGSEND = YES;
				ENABLE_TESTABILITY = YES;
				GCC_C_LANGUAGE_STANDARD = gnu11;
				GCC_DYNAMIC_NO_PIC = NO;
				GCC_NO_COMMON_BLOCKS = YES;
				GCC_OPTIMIZATION_LEVEL = 0;
				GCC_PREPROCESSOR_DEFINITIONS = (
					"DEBUG=1",
					"$(inherited)",
				);
				GCC_WARN_64_TO_32_BIT_CONVERSION = YES;
				GCC_WARN_ABOUT_RETURN_TYPE = YES_ERROR;
				GCC_WARN_UNDECLARED_SELECTOR = YES;
				GCC_WARN_UNINITIALIZED_AUTOS = YES_AGGRESSIVE;
				GCC_WARN_UNUSED_FUNCTION = YES;
				GCC_WARN_UNUSED_VARIABLE = YES;
				IPHONEOS_DEPLOYMENT_TARGET = 13.6;
				MTL_ENABLE_DEBUG_INFO = INCLUDE_SOURCE;
				MTL_FAST_MATH = YES;
				ONLY_ACTIVE_ARCH = YES;
				SDKROOT = iphoneos;
				SWIFT_ACTIVE_COMPILATION_CONDITIONS = DEBUG;
				SWIFT_OPTIMIZATION_LEVEL = "-Onone";
			};
			name = Debug;
		};
		C90AD53B24CF42DD00123B15 /* Release */ = {
			isa = XCBuildConfiguration;
			buildSettings = {
				ALWAYS_SEARCH_USER_PATHS = NO;
				CLANG_ANALYZER_NONNULL = YES;
				CLANG_ANALYZER_NUMBER_OBJECT_CONVERSION = YES_AGGRESSIVE;
				CLANG_CXX_LANGUAGE_STANDARD = "gnu++14";
				CLANG_CXX_LIBRARY = "libc++";
				CLANG_ENABLE_MODULES = YES;
				CLANG_ENABLE_OBJC_ARC = YES;
				CLANG_ENABLE_OBJC_WEAK = YES;
				CLANG_WARN_BLOCK_CAPTURE_AUTORELEASING = YES;
				CLANG_WARN_BOOL_CONVERSION = YES;
				CLANG_WARN_COMMA = YES;
				CLANG_WARN_CONSTANT_CONVERSION = YES;
				CLANG_WARN_DEPRECATED_OBJC_IMPLEMENTATIONS = YES;
				CLANG_WARN_DIRECT_OBJC_ISA_USAGE = YES_ERROR;
				CLANG_WARN_DOCUMENTATION_COMMENTS = YES;
				CLANG_WARN_EMPTY_BODY = YES;
				CLANG_WARN_ENUM_CONVERSION = YES;
				CLANG_WARN_INFINITE_RECURSION = YES;
				CLANG_WARN_INT_CONVERSION = YES;
				CLANG_WARN_NON_LITERAL_NULL_CONVERSION = YES;
				CLANG_WARN_OBJC_IMPLICIT_RETAIN_SELF = YES;
				CLANG_WARN_OBJC_LITERAL_CONVERSION = YES;
				CLANG_WARN_OBJC_ROOT_CLASS = YES_ERROR;
				CLANG_WARN_RANGE_LOOP_ANALYSIS = YES;
				CLANG_WARN_STRICT_PROTOTYPES = YES;
				CLANG_WARN_SUSPICIOUS_MOVE = YES;
				CLANG_WARN_UNGUARDED_AVAILABILITY = YES_AGGRESSIVE;
				CLANG_WARN_UNREACHABLE_CODE = YES;
				CLANG_WARN__DUPLICATE_METHOD_MATCH = YES;
				COPY_PHASE_STRIP = NO;
				DEBUG_INFORMATION_FORMAT = "dwarf-with-dsym";
				ENABLE_NS_ASSERTIONS = NO;
				ENABLE_STRICT_OBJC_MSGSEND = YES;
				GCC_C_LANGUAGE_STANDARD = gnu11;
				GCC_NO_COMMON_BLOCKS = YES;
				GCC_WARN_64_TO_32_BIT_CONVERSION = YES;
				GCC_WARN_ABOUT_RETURN_TYPE = YES_ERROR;
				GCC_WARN_UNDECLARED_SELECTOR = YES;
				GCC_WARN_UNINITIALIZED_AUTOS = YES_AGGRESSIVE;
				GCC_WARN_UNUSED_FUNCTION = YES;
				GCC_WARN_UNUSED_VARIABLE = YES;
				IPHONEOS_DEPLOYMENT_TARGET = 13.6;
				MTL_ENABLE_DEBUG_INFO = NO;
				MTL_FAST_MATH = YES;
				SDKROOT = iphoneos;
				SWIFT_COMPILATION_MODE = wholemodule;
				SWIFT_OPTIMIZATION_LEVEL = "-O";
				VALIDATE_PRODUCT = YES;
			};
			name = Release;
		};
		C90AD53D24CF42DD00123B15 /* Debug */ = {
			isa = XCBuildConfiguration;
			buildSettings = {
				ASSETCATALOG_COMPILER_APPICON_NAME = AppIcon;
				CODE_SIGN_STYLE = Automatic;
				INFOPLIST_FILE = ToDoList/Info.plist;
				LD_RUNPATH_SEARCH_PATHS = (
					"$(inherited)",
					"@executable_path/Frameworks",
				);
				PRODUCT_BUNDLE_IDENTIFIER = EP.ToDoList;
				PRODUCT_NAME = "$(TARGET_NAME)";
				SWIFT_VERSION = 5.0;
				TARGETED_DEVICE_FAMILY = "1,2";
			};
			name = Debug;
		};
		C90AD53E24CF42DD00123B15 /* Release */ = {
			isa = XCBuildConfiguration;
			buildSettings = {
				ASSETCATALOG_COMPILER_APPICON_NAME = AppIcon;
				CODE_SIGN_STYLE = Automatic;
				INFOPLIST_FILE = ToDoList/Info.plist;
				LD_RUNPATH_SEARCH_PATHS = (
					"$(inherited)",
					"@executable_path/Frameworks",
				);
				PRODUCT_BUNDLE_IDENTIFIER = EP.ToDoList;
				PRODUCT_NAME = "$(TARGET_NAME)";
				SWIFT_VERSION = 5.0;
				TARGETED_DEVICE_FAMILY = "1,2";
			};
			name = Release;
		};
		C90AD54024CF42DD00123B15 /* Debug */ = {
			isa = XCBuildConfiguration;
			buildSettings = {
				ALWAYS_EMBED_SWIFT_STANDARD_LIBRARIES = YES;
				BUNDLE_LOADER = "$(TEST_HOST)";
				CODE_SIGN_STYLE = Automatic;
				INFOPLIST_FILE = ToDoListTests/Info.plist;
				IPHONEOS_DEPLOYMENT_TARGET = 13.6;
				LD_RUNPATH_SEARCH_PATHS = (
					"$(inherited)",
					"@executable_path/Frameworks",
					"@loader_path/Frameworks",
				);
				PRODUCT_BUNDLE_IDENTIFIER = EP.ToDoListTests;
				PRODUCT_NAME = "$(TARGET_NAME)";
				SWIFT_VERSION = 5.0;
				TARGETED_DEVICE_FAMILY = "1,2";
				TEST_HOST = "$(BUILT_PRODUCTS_DIR)/ToDoList.app/ToDoList";
			};
			name = Debug;
		};
		C90AD54124CF42DD00123B15 /* Release */ = {
			isa = XCBuildConfiguration;
			buildSettings = {
				ALWAYS_EMBED_SWIFT_STANDARD_LIBRARIES = YES;
				BUNDLE_LOADER = "$(TEST_HOST)";
				CODE_SIGN_STYLE = Automatic;
				INFOPLIST_FILE = ToDoListTests/Info.plist;
				IPHONEOS_DEPLOYMENT_TARGET = 13.6;
				LD_RUNPATH_SEARCH_PATHS = (
					"$(inherited)",
					"@executable_path/Frameworks",
					"@loader_path/Frameworks",
				);
				PRODUCT_BUNDLE_IDENTIFIER = EP.ToDoListTests;
				PRODUCT_NAME = "$(TARGET_NAME)";
				SWIFT_VERSION = 5.0;
				TARGETED_DEVICE_FAMILY = "1,2";
				TEST_HOST = "$(BUILT_PRODUCTS_DIR)/ToDoList.app/ToDoList";
			};
			name = Release;
		};
		C90AD54324CF42DD00123B15 /* Debug */ = {
			isa = XCBuildConfiguration;
			buildSettings = {
				ALWAYS_EMBED_SWIFT_STANDARD_LIBRARIES = YES;
				CODE_SIGN_STYLE = Automatic;
				INFOPLIST_FILE = ToDoListUITests/Info.plist;
				LD_RUNPATH_SEARCH_PATHS = (
					"$(inherited)",
					"@executable_path/Frameworks",
					"@loader_path/Frameworks",
				);
				PRODUCT_BUNDLE_IDENTIFIER = EP.ToDoListUITests;
				PRODUCT_NAME = "$(TARGET_NAME)";
				SWIFT_VERSION = 5.0;
				TARGETED_DEVICE_FAMILY = "1,2";
				TEST_TARGET_NAME = ToDoList;
			};
			name = Debug;
		};
		C90AD54424CF42DD00123B15 /* Release */ = {
			isa = XCBuildConfiguration;
			buildSettings = {
				ALWAYS_EMBED_SWIFT_STANDARD_LIBRARIES = YES;
				CODE_SIGN_STYLE = Automatic;
				INFOPLIST_FILE = ToDoListUITests/Info.plist;
				LD_RUNPATH_SEARCH_PATHS = (
					"$(inherited)",
					"@executable_path/Frameworks",
					"@loader_path/Frameworks",
				);
				PRODUCT_BUNDLE_IDENTIFIER = EP.ToDoListUITests;
				PRODUCT_NAME = "$(TARGET_NAME)";
				SWIFT_VERSION = 5.0;
				TARGETED_DEVICE_FAMILY = "1,2";
				TEST_TARGET_NAME = ToDoList;
			};
			name = Release;
		};
/* End XCBuildConfiguration section */

/* Begin XCConfigurationList section */
		C90AD50A24CF42DB00123B15 /* Build configuration list for PBXProject "ToDoList" */ = {
			isa = XCConfigurationList;
			buildConfigurations = (
				C90AD53A24CF42DD00123B15 /* Debug */,
				C90AD53B24CF42DD00123B15 /* Release */,
			);
			defaultConfigurationIsVisible = 0;
			defaultConfigurationName = Release;
		};
		C90AD53C24CF42DD00123B15 /* Build configuration list for PBXNativeTarget "ToDoList" */ = {
			isa = XCConfigurationList;
			buildConfigurations = (
				C90AD53D24CF42DD00123B15 /* Debug */,
				C90AD53E24CF42DD00123B15 /* Release */,
			);
			defaultConfigurationIsVisible = 0;
			defaultConfigurationName = Release;
		};
		C90AD53F24CF42DD00123B15 /* Build configuration list for PBXNativeTarget "ToDoListTests" */ = {
			isa = XCConfigurationList;
			buildConfigurations = (
				C90AD54024CF42DD00123B15 /* Debug */,
				C90AD54124CF42DD00123B15 /* Release */,
			);
			defaultConfigurationIsVisible = 0;
			defaultConfigurationName = Release;
		};
		C90AD54224CF42DD00123B15 /* Build configuration list for PBXNativeTarget "ToDoListUITests" */ = {
			isa = XCConfigurationList;
			buildConfigurations = (
				C90AD54324CF42DD00123B15 /* Debug */,
				C90AD54424CF42DD00123B15 /* Release */,
			);
			defaultConfigurationIsVisible = 0;
			defaultConfigurationName = Release;
		};
/* End XCConfigurationList section */

/* Begin XCVersionGroup section */
		C90AD51B24CF42DB00123B15 /* ToDoList.xcdatamodeld */ = {
			isa = XCVersionGroup;
			children = (
				C90AD51C24CF42DB00123B15 /* ToDoList.xcdatamodel */,
			);
			currentVersion = C90AD51C24CF42DB00123B15 /* ToDoList.xcdatamodel */;
			path = ToDoList.xcdatamodeld;
			sourceTree = "<group>";
			versionGroupType = wrapper.xcdatamodel;
		};
/* End XCVersionGroup section */
	};
	rootObject = C90AD50724CF42DB00123B15 /* Project object */;
}
